
Microsoft Visual Studio Solution File, Format Version 12.00
Project("{FAE04EC0-301F-11D3-BF4B-00C04F79EFBC}") = "JeanFrancois.Gautreau.Ocr", "JeanFrancois.Gautreau.Ocr\JeanFrancois.Gautreau.Ocr.csproj", "{11862BF6-013D-40AF-9CB4-47CF57ACAA5C}"
EndProject
Project("{FAE04EC0-301F-11D3-BF4B-00C04F79EFBC}") = "JeanFrancois.Gautreau.Ocr.Tests", "JeanFrancois.Gautreau.Ocr.Tests\JeanFrancois.Gautreau.Ocr.Tests.csproj", "{6BAE8986-C5B8-4D2D-8C19-12FB4A8D06BB}"
EndProject
Global
	GlobalSection(SolutionConfigurationPlatforms) = preSolution
		Debug|Any CPU = Debug|Any CPU
		Release|Any CPU = Release|Any CPU
	EndGlobalSection
	GlobalSection(ProjectConfigurationPlatforms) = postSolution
		{11862BF6-013D-40AF-9CB4-47CF57ACAA5C}.Debug|Any CPU.ActiveCfg = Debug|Any CPU
		{11862BF6-013D-40AF-9CB4-47CF57ACAA5C}.Debug|Any CPU.Build.0 = Debug|Any CPU
		{11862BF6-013D-40AF-9CB4-47CF57ACAA5C}.Release|Any CPU.ActiveCfg = Release|Any CPU
		{11862BF6-013D-40AF-9CB4-47CF57ACAA5C}.Release|Any CPU.Build.0 = Release|Any CPU
		{6BAE8986-C5B8-4D2D-8C19-12FB4A8D06BB}.Debug|Any CPU.ActiveCfg = Debug|Any CPU
		{6BAE8986-C5B8-4D2D-8C19-12FB4A8D06BB}.Debug|Any CPU.Build.0 = Debug|Any CPU
		{6BAE8986-C5B8-4D2D-8C19-12FB4A8D06BB}.Release|Any CPU.ActiveCfg = Release|Any CPU
		{6BAE8986-C5B8-4D2D-8C19-12FB4A8D06BB}.Release|Any CPU.Build.0 = Release|Any CPU
	EndGlobalSection
EndGlobal
