
Microsoft Visual Studio Solution File, Format Version 12.00
Project("{FAE04EC0-301F-11D3-BF4B-00C04F79EFBC}") = "JeanFrancois.Gautreau.Ocr", "src\JeanFrancois.Gautreau.Ocr\JeanFrancois.Gautreau.Ocr.csproj", "{D4AEA3AE-E8C9-46F1-848A-CC8CFC558460}"
EndProject
Project("{FAE04EC0-301F-11D3-BF4B-00C04F79EFBC}") = "JeanFrancois.Gautreau.Ocr.Console", "src\JeanFrancois.Gautreau.Ocr.Console\JeanFrancois.Gautreau.Ocr.Console.csproj", "{05C5687B-9CCF-4664-845F-CAFC436B55C2}"
EndProject
Project("{FAE04EC0-301F-11D3-BF4B-00C04F79EFBC}") = "JeanFrancois.Gautreau.Ocr.WebAPI", "src\JeanFrancois.Gautreau.Ocr.WebAPI\JeanFrancois.Gautreau.Ocr.WebAPI.csproj", "{C7981272-A6B7-4637-A42B-D86486622689}"
EndProject
Project("{FAE04EC0-301F-11D3-BF4B-00C04F79EFBC}") = "JeanFrancois.Gautreau.Ocr.Tests", "tests\JeanFrancois.Gautreau.Ocr.Tests\JeanFrancois.Gautreau.Ocr.Tests.csproj", "{191DA1E3-3A80-4CD7-A24F-E2B660AC4656}"
EndProject
Global
	GlobalSection(SolutionConfigurationPlatforms) = preSolution
		Debug|Any CPU = Debug|Any CPU
		Release|Any CPU = Release|Any CPU
	EndGlobalSection
	GlobalSection(ProjectConfigurationPlatforms) = postSolution
		{D4AEA3AE-E8C9-46F1-848A-CC8CFC558460}.Debug|Any CPU.ActiveCfg = Debug|Any CPU
		{D4AEA3AE-E8C9-46F1-848A-CC8CFC558460}.Debug|Any CPU.Build.0 = Debug|Any CPU
		{D4AEA3AE-E8C9-46F1-848A-CC8CFC558460}.Release|Any CPU.ActiveCfg = Release|Any CPU
		{D4AEA3AE-E8C9-46F1-848A-CC8CFC558460}.Release|Any CPU.Build.0 = Release|Any CPU
		{05C5687B-9CCF-4664-845F-CAFC436B55C2}.Debug|Any CPU.ActiveCfg = Debug|Any CPU
		{05C5687B-9CCF-4664-845F-CAFC436B55C2}.Debug|Any CPU.Build.0 = Debug|Any CPU
		{05C5687B-9CCF-4664-845F-CAFC436B55C2}.Release|Any CPU.ActiveCfg = Release|Any CPU
		{05C5687B-9CCF-4664-845F-CAFC436B55C2}.Release|Any CPU.Build.0 = Release|Any CPU
		{C7981272-A6B7-4637-A42B-D86486622689}.Debug|Any CPU.ActiveCfg = Debug|Any CPU
		{C7981272-A6B7-4637-A42B-D86486622689}.Debug|Any CPU.Build.0 = Debug|Any CPU
		{C7981272-A6B7-4637-A42B-D86486622689}.Release|Any CPU.ActiveCfg = Release|Any CPU
		{C7981272-A6B7-4637-A42B-D86486622689}.Release|Any CPU.Build.0 = Release|Any CPU
		{191DA1E3-3A80-4CD7-A24F-E2B660AC4656}.Debug|Any CPU.ActiveCfg = Debug|Any CPU
		{191DA1E3-3A80-4CD7-A24F-E2B660AC4656}.Debug|Any CPU.Build.0 = Debug|Any CPU
		{191DA1E3-3A80-4CD7-A24F-E2B660AC4656}.Release|Any CPU.ActiveCfg = Release|Any CPU
		{191DA1E3-3A80-4CD7-A24F-E2B660AC4656}.Release|Any CPU.Build.0 = Release|Any CPU
	EndGlobalSection
EndGlobal
